
Microsoft Visual Studio Solution File, Format Version 12.00
# Visual Studio 15
VisualStudioVersion = 15.0.28307.168
MinimumVisualStudioVersion = 10.0.40219.1
Project("{FAE04EC0-301F-11D3-BF4B-00C04F79EFBC}") = "Resto", "Resto\Resto.csproj", "{2B060BA9-4283-405E-A0BE-BADCD379A69F}"
EndProject
Project("{FAE04EC0-301F-11D3-BF4B-00C04F79EFBC}") = "Bussiness", "DLL\Bussiness.csproj", "{066B9497-0113-43DF-808E-9B805650B97F}"
EndProject
Project("{FAE04EC0-301F-11D3-BF4B-00C04F79EFBC}") = "Service", "Service\Service.csproj", "{10F5017D-E473-4853-AA7B-82FED094449F}"
EndProject
Global
	GlobalSection(SolutionConfigurationPlatforms) = preSolution
		Debug|Any CPU = Debug|Any CPU
		Release|Any CPU = Release|Any CPU
	EndGlobalSection
	GlobalSection(ProjectConfigurationPlatforms) = postSolution
		{2B060BA9-4283-405E-A0BE-BADCD379A69F}.Debug|Any CPU.ActiveCfg = Debug|Any CPU
		{2B060BA9-4283-405E-A0BE-BADCD379A69F}.Debug|Any CPU.Build.0 = Debug|Any CPU
		{2B060BA9-4283-405E-A0BE-BADCD379A69F}.Release|Any CPU.ActiveCfg = Release|Any CPU
		{2B060BA9-4283-405E-A0BE-BADCD379A69F}.Release|Any CPU.Build.0 = Release|Any CPU
		{066B9497-0113-43DF-808E-9B805650B97F}.Debug|Any CPU.ActiveCfg = Debug|Any CPU
		{066B9497-0113-43DF-808E-9B805650B97F}.Debug|Any CPU.Build.0 = Debug|Any CPU
		{066B9497-0113-43DF-808E-9B805650B97F}.Release|Any CPU.ActiveCfg = Release|Any CPU
		{066B9497-0113-43DF-808E-9B805650B97F}.Release|Any CPU.Build.0 = Release|Any CPU
		{10F5017D-E473-4853-AA7B-82FED094449F}.Debug|Any CPU.ActiveCfg = Debug|Any CPU
		{10F5017D-E473-4853-AA7B-82FED094449F}.Debug|Any CPU.Build.0 = Debug|Any CPU
		{10F5017D-E473-4853-AA7B-82FED094449F}.Release|Any CPU.ActiveCfg = Release|Any CPU
		{10F5017D-E473-4853-AA7B-82FED094449F}.Release|Any CPU.Build.0 = Release|Any CPU
	EndGlobalSection
	GlobalSection(SolutionProperties) = preSolution
		HideSolutionNode = FALSE
	EndGlobalSection
	GlobalSection(ExtensibilityGlobals) = postSolution
		SolutionGuid = {C0FC20F6-B27B-4DE8-BED3-841F1C424360}
	EndGlobalSection
EndGlobal
